
Microsoft Visual Studio Solution File, Format Version 12.00
# Visual Studio Version 17
VisualStudioVersion = 17.0.31903.59
MinimumVisualStudioVersion = 10.0.40219.1
Project("{2150E333-8FDC-42A3-9474-1A3956D46DE8}") = "src", "src", "{55036D92-0DD6-4695-AC32-A0FD38D9E8AF}"
EndProject
Project("{FAE04EC0-301F-11D3-BF4B-00C04F79EFBC}") = "CrimeManagement.UI", "src\CrimeManagement.UI\CrimeManagement.UI.csproj", "{2C2A9242-C1AB-4EA9-81CE-D9891FD906A1}"
EndProject
Global
	GlobalSection(SolutionConfigurationPlatforms) = preSolution
		Debug|Any CPU = Debug|Any CPU
		Release|Any CPU = Release|Any CPU
	EndGlobalSection
	GlobalSection(SolutionProperties) = preSolution
		HideSolutionNode = FALSE
	EndGlobalSection
	GlobalSection(ProjectConfigurationPlatforms) = postSolution
		{2C2A9242-C1AB-4EA9-81CE-D9891FD906A1}.Debug|Any CPU.ActiveCfg = Debug|Any CPU
		{2C2A9242-C1AB-4EA9-81CE-D9891FD906A1}.Debug|Any CPU.Build.0 = Debug|Any CPU
		{2C2A9242-C1AB-4EA9-81CE-D9891FD906A1}.Release|Any CPU.ActiveCfg = Release|Any CPU
		{2C2A9242-C1AB-4EA9-81CE-D9891FD906A1}.Release|Any CPU.Build.0 = Release|Any CPU
	EndGlobalSection
	GlobalSection(NestedProjects) = preSolution
		{2C2A9242-C1AB-4EA9-81CE-D9891FD906A1} = {55036D92-0DD6-4695-AC32-A0FD38D9E8AF}
	EndGlobalSection
EndGlobal
